# THIS IS AN AUTOGENERATED FILE. DO NOT EDIT THIS FILE DIRECTLY.
# yarn lockfile v1


torko@^1.0.0:
  version "1.0.0"
  resolved "https://registry.yarnpkg.com/torko/-/torko-1.0.0.tgz#e2be6e92358a947c90aa1130e445325d7b2a707c"
  integrity sha512-ghXBDBVQCT2rlQ8GRZm9K9gAeL4TNPZfBoz8ObluxyyP52ntVrEwDQl2tsMoRA8eLWaq3pXOHWmmXINQ62w8fA==
